
Microsoft Visual Studio Solution File, Format Version 12.00
# Visual Studio Version 17
VisualStudioVersion = 17.8.34330.188
MinimumVisualStudioVersion = 10.0.40219.1
Project("{FAE04EC0-301F-11D3-BF4B-00C04F79EFBC}") = "TestWebApplicationNew", "TestWebApplicationNew\TestWebApplicationNew.csproj", "{9EE7E511-5949-4480-AEE5-1730FB477296}"
EndProject
Global
	GlobalSection(SolutionConfigurationPlatforms) = preSolution
		Debug|Any CPU = Debug|Any CPU
		Release|Any CPU = Release|Any CPU
	EndGlobalSection
	GlobalSection(ProjectConfigurationPlatforms) = postSolution
		{9EE7E511-5949-4480-AEE5-1730FB477296}.Debug|Any CPU.ActiveCfg = Debug|Any CPU
		{9EE7E511-5949-4480-AEE5-1730FB477296}.Debug|Any CPU.Build.0 = Debug|Any CPU
		{9EE7E511-5949-4480-AEE5-1730FB477296}.Release|Any CPU.ActiveCfg = Release|Any CPU
		{9EE7E511-5949-4480-AEE5-1730FB477296}.Release|Any CPU.Build.0 = Release|Any CPU
	EndGlobalSection
	GlobalSection(SolutionProperties) = preSolution
		HideSolutionNode = FALSE
	EndGlobalSection
	GlobalSection(ExtensibilityGlobals) = postSolution
		SolutionGuid = {419E3FED-E939-446F-9F88-739F49374E44}
	EndGlobalSection
EndGlobal
